
Microsoft Visual Studio Solution File, Format Version 12.00
# Visual Studio Version 16
VisualStudioVersion = 16.0.32510.428
MinimumVisualStudioVersion = 10.0.40219.1
Project("{FAE04EC0-301F-11D3-BF4B-00C04F79EFBC}") = "ArraysAndLists", "ArraysAndLists\ArraysAndLists.csproj", "{7A1B862E-2829-4B14-8A7F-2A716D4C1021}"
EndProject
Global
	GlobalSection(SolutionConfigurationPlatforms) = preSolution
		Debug|Any CPU = Debug|Any CPU
		Release|Any CPU = Release|Any CPU
	EndGlobalSection
	GlobalSection(ProjectConfigurationPlatforms) = postSolution
		{7A1B862E-2829-4B14-8A7F-2A716D4C1021}.Debug|Any CPU.ActiveCfg = Debug|Any CPU
		{7A1B862E-2829-4B14-8A7F-2A716D4C1021}.Debug|Any CPU.Build.0 = Debug|Any CPU
		{7A1B862E-2829-4B14-8A7F-2A716D4C1021}.Release|Any CPU.ActiveCfg = Release|Any CPU
		{7A1B862E-2829-4B14-8A7F-2A716D4C1021}.Release|Any CPU.Build.0 = Release|Any CPU
	EndGlobalSection
	GlobalSection(SolutionProperties) = preSolution
		HideSolutionNode = FALSE
	EndGlobalSection
	GlobalSection(ExtensibilityGlobals) = postSolution
		SolutionGuid = {D1F1D15F-F490-4C31-A1A9-4140C7089A0D}
	EndGlobalSection
EndGlobal
