
Microsoft Visual Studio Solution File, Format Version 12.00
# Visual Studio Version 16
VisualStudioVersion = 16.0.32510.428
MinimumVisualStudioVersion = 10.0.40219.1
Project("{FAE04EC0-301F-11D3-BF4B-00C04F79EFBC}") = "FinalAssnment", "FinalAssnment\FinalAssnment.csproj", "{9C7244D9-6745-4163-822A-46CCF6A56DCD}"
EndProject
Global
	GlobalSection(SolutionConfigurationPlatforms) = preSolution
		Debug|Any CPU = Debug|Any CPU
		Release|Any CPU = Release|Any CPU
	EndGlobalSection
	GlobalSection(ProjectConfigurationPlatforms) = postSolution
		{9C7244D9-6745-4163-822A-46CCF6A56DCD}.Debug|Any CPU.ActiveCfg = Debug|Any CPU
		{9C7244D9-6745-4163-822A-46CCF6A56DCD}.Debug|Any CPU.Build.0 = Debug|Any CPU
		{9C7244D9-6745-4163-822A-46CCF6A56DCD}.Release|Any CPU.ActiveCfg = Release|Any CPU
		{9C7244D9-6745-4163-822A-46CCF6A56DCD}.Release|Any CPU.Build.0 = Release|Any CPU
	EndGlobalSection
	GlobalSection(SolutionProperties) = preSolution
		HideSolutionNode = FALSE
	EndGlobalSection
	GlobalSection(ExtensibilityGlobals) = postSolution
		SolutionGuid = {795DEB9B-1314-452B-A75F-E2076C548717}
	EndGlobalSection
EndGlobal
