
Microsoft Visual Studio Solution File, Format Version 12.00
# Visual Studio Version 17
VisualStudioVersion = 17.2.32616.157
MinimumVisualStudioVersion = 10.0.40219.1
Project("{FAE04EC0-301F-11D3-BF4B-00C04F79EFBC}") = "FinalChallenge", "FinalChallenge\FinalChallenge.csproj", "{0E816D47-8142-44A3-8EEE-5C4CA19FA177}"
EndProject
Global
	GlobalSection(SolutionConfigurationPlatforms) = preSolution
		Debug|Any CPU = Debug|Any CPU
		Release|Any CPU = Release|Any CPU
	EndGlobalSection
	GlobalSection(ProjectConfigurationPlatforms) = postSolution
		{0E816D47-8142-44A3-8EEE-5C4CA19FA177}.Debug|Any CPU.ActiveCfg = Debug|Any CPU
		{0E816D47-8142-44A3-8EEE-5C4CA19FA177}.Debug|Any CPU.Build.0 = Debug|Any CPU
		{0E816D47-8142-44A3-8EEE-5C4CA19FA177}.Release|Any CPU.ActiveCfg = Release|Any CPU
		{0E816D47-8142-44A3-8EEE-5C4CA19FA177}.Release|Any CPU.Build.0 = Release|Any CPU
	EndGlobalSection
	GlobalSection(SolutionProperties) = preSolution
		HideSolutionNode = FALSE
	EndGlobalSection
	GlobalSection(ExtensibilityGlobals) = postSolution
		SolutionGuid = {FE8C365E-583E-40DA-8F71-6E94A085BE6C}
	EndGlobalSection
EndGlobal
