
Microsoft Visual Studio Solution File, Format Version 12.00
# Visual Studio Version 16
VisualStudioVersion = 16.0.32510.428
MinimumVisualStudioVersion = 10.0.40219.1
Project("{FAE04EC0-301F-11D3-BF4B-00C04F79EFBC}") = "ASP.NET Assignment Redo", "ASP.NET Assignment Redo\ASP.NET Assignment Redo.csproj", "{AAF182EC-2705-4F53-AECE-98E5F01710E1}"
EndProject
Global
	GlobalSection(SolutionConfigurationPlatforms) = preSolution
		Debug|Any CPU = Debug|Any CPU
		Release|Any CPU = Release|Any CPU
	EndGlobalSection
	GlobalSection(ProjectConfigurationPlatforms) = postSolution
		{AAF182EC-2705-4F53-AECE-98E5F01710E1}.Debug|Any CPU.ActiveCfg = Debug|Any CPU
		{AAF182EC-2705-4F53-AECE-98E5F01710E1}.Debug|Any CPU.Build.0 = Debug|Any CPU
		{AAF182EC-2705-4F53-AECE-98E5F01710E1}.Release|Any CPU.ActiveCfg = Release|Any CPU
		{AAF182EC-2705-4F53-AECE-98E5F01710E1}.Release|Any CPU.Build.0 = Release|Any CPU
	EndGlobalSection
	GlobalSection(SolutionProperties) = preSolution
		HideSolutionNode = FALSE
	EndGlobalSection
	GlobalSection(ExtensibilityGlobals) = postSolution
		SolutionGuid = {8F2401B2-35CE-45FE-8AFE-73063EF02CDE}
	EndGlobalSection
EndGlobal
